
Microsoft Visual Studio Solution File, Format Version 12.00
# Visual Studio Version 17
VisualStudioVersion = 17.10.35122.118
MinimumVisualStudioVersion = 10.0.40219.1
Project("{9A19103F-16F7-4668-BE54-9A1E7A4F7556}") = "AppentToWPFWindowContextMenu", "AppentToWPFWindowContextMenu\AppentToWPFWindowContextMenu.csproj", "{B322A694-1F5E-413C-855D-CF1AA2234BBA}"
EndProject
Project("{FAE04EC0-301F-11D3-BF4B-00C04F79EFBC}") = "ShowingCustomWindowContextMenu", "ShowingCustomWindowContextMenu\ShowingCustomWindowContextMenu.csproj", "{AD88B569-931E-4B8F-93EB-24A96EDA68A4}"
EndProject
Global
	GlobalSection(SolutionConfigurationPlatforms) = preSolution
		Debug|Any CPU = Debug|Any CPU
		Release|Any CPU = Release|Any CPU
	EndGlobalSection
	GlobalSection(ProjectConfigurationPlatforms) = postSolution
		{B322A694-1F5E-413C-855D-CF1AA2234BBA}.Debug|Any CPU.ActiveCfg = Debug|Any CPU
		{B322A694-1F5E-413C-855D-CF1AA2234BBA}.Debug|Any CPU.Build.0 = Debug|Any CPU
		{B322A694-1F5E-413C-855D-CF1AA2234BBA}.Release|Any CPU.ActiveCfg = Release|Any CPU
		{B322A694-1F5E-413C-855D-CF1AA2234BBA}.Release|Any CPU.Build.0 = Release|Any CPU
		{AD88B569-931E-4B8F-93EB-24A96EDA68A4}.Debug|Any CPU.ActiveCfg = Debug|Any CPU
		{AD88B569-931E-4B8F-93EB-24A96EDA68A4}.Debug|Any CPU.Build.0 = Debug|Any CPU
		{AD88B569-931E-4B8F-93EB-24A96EDA68A4}.Release|Any CPU.ActiveCfg = Release|Any CPU
		{AD88B569-931E-4B8F-93EB-24A96EDA68A4}.Release|Any CPU.Build.0 = Release|Any CPU
	EndGlobalSection
	GlobalSection(SolutionProperties) = preSolution
		HideSolutionNode = FALSE
	EndGlobalSection
	GlobalSection(ExtensibilityGlobals) = postSolution
		SolutionGuid = {4E048176-6F14-49D6-A650-847B40A1FDAE}
	EndGlobalSection
EndGlobal
